// !$*UTF8*$!
{
	archiveVersion = 1;
	classes = {
	};
	objectVersion = 77;
	objects = {

/* Begin PBXContainerItemProxy section */
		DB33DBA52D6839B8006EA971 /* PBXContainerItemProxy */ = {
			isa = PBXContainerItemProxy;
			containerPortal = DB33DB8C2D6839B7006EA971 /* Project object */;
			proxyType = 1;
			remoteGlobalIDString = DB33DB932D6839B7006EA971;
			remoteInfo = HomeGuard;
		};
		DB33DBAF2D6839B8006EA971 /* PBXContainerItemProxy */ = {
			isa = PBXContainerItemProxy;
			containerPortal = DB33DB8C2D6839B7006EA971 /* Project object */;
			proxyType = 1;
			remoteGlobalIDString = DB33DB932D6839B7006EA971;
			remoteInfo = HomeGuard;
		};
/* End PBXContainerItemProxy section */

/* Begin PBXFileReference section */
		DB33DB942D6839B7006EA971 /* HomeGuard.app */ = {isa = PBXFileReference; explicitFileType = wrapper.application; includeInIndex = 0; path = HomeGuard.app; sourceTree = BUILT_PRODUCTS_DIR; };
		DB33DBA42D6839B8006EA971 /* HomeGuardTests.xctest */ = {isa = PBXFileReference; explicitFileType = wrapper.cfbundle; includeInIndex = 0; path = HomeGuardTests.xctest; sourceTree = BUILT_PRODUCTS_DIR; };
		DB33DBAE2D6839B8006EA971 /* HomeGuardUITests.xctest */ = {isa = PBXFileReference; explicitFileType = wrapper.cfbundle; includeInIndex = 0; path = HomeGuardUITests.xctest; sourceTree = BUILT_PRODUCTS_DIR; };
		DB812C512D80C07C00F1CDD6 /* HomeGuard.xctestplan */ = {isa = PBXFileReference; lastKnownFileType = text; path = HomeGuard.xctestplan; sourceTree = "<group>"; };
/* End PBXFileReference section */

/* Begin PBXFileSystemSynchronizedRootGroup section */
		DB33DB962D6839B7006EA971 /* HomeGuard */ = {
			isa = PBXFileSystemSynchronizedRootGroup;
			path = HomeGuard;
			sourceTree = "<group>";
		};
		DB33DBA72D6839B8006EA971 /* HomeGuardTests */ = {
			isa = PBXFileSystemSynchronizedRootGroup;
			path = HomeGuardTests;
			sourceTree = "<group>";
		};
		DB33DBB12D6839B8006EA971 /* HomeGuardUITests */ = {
			isa = PBXFileSystemSynchronizedRootGroup;
			path = HomeGuardUITests;
			sourceTree = "<group>";
		};
/* End PBXFileSystemSynchronizedRootGroup section */

/* Begin PBXFrameworksBuildPhase section */
		DB33DB912D6839B7006EA971 /* Frameworks */ = {
			isa = PBXFrameworksBuildPhase;
			buildActionMask = 2147483647;
			files = (
			);
			runOnlyForDeploymentPostprocessing = 0;
		};
		DB33DBA12D6839B8006EA971 /* Frameworks */ = {
			isa = PBXFrameworksBuildPhase;
			buildActionMask = 2147483647;
			files = (
			);
			runOnlyForDeploymentPostprocessing = 0;
		};
		DB33DBAB2D6839B8006EA971 /* Frameworks */ = {
			isa = PBXFrameworksBuildPhase;
			buildActionMask = 2147483647;
			files = (
			);
			runOnlyForDeploymentPostprocessing = 0;
		};
/* End PBXFrameworksBuildPhase section */

/* Begin PBXGroup section */
		DB33DB8B2D6839B7006EA971 = {
			isa = PBXGroup;
			children = (
				DB812C512D80C07C00F1CDD6 /* HomeGuard.xctestplan */,
				DB33DB962D6839B7006EA971 /* HomeGuard */,
				DB33DBA72D6839B8006EA971 /* HomeGuardTests */,
				DB33DBB12D6839B8006EA971 /* HomeGuardUITests */,
				DB33DB952D6839B7006EA971 /* Products */,
			);
			sourceTree = "<group>";
		};
		DB33DB952D6839B7006EA971 /* Products */ = {
			isa = PBXGroup;
			children = (
				DB33DB942D6839B7006EA971 /* HomeGuard.app */,
				DB33DBA42D6839B8006EA971 /* HomeGuardTests.xctest */,
				DB33DBAE2D6839B8006EA971 /* HomeGuardUITests.xctest */,
			);
			name = Products;
			sourceTree = "<group>";
		};
/* End PBXGroup section */

/* Begin PBXNativeTarget section */
		DB33DB932D6839B7006EA971 /* HomeGuard */ = {
			isa = PBXNativeTarget;
			buildConfigurationList = DB33DBB82D6839B8006EA971 /* Build configuration list for PBXNativeTarget "HomeGuard" */;
			buildPhases = (
				DB33DB902D6839B7006EA971 /* Sources */,
				DB33DB912D6839B7006EA971 /* Frameworks */,
				DB33DB922D6839B7006EA971 /* Resources */,
			);
			buildRules = (
			);
			dependencies = (
			);
			fileSystemSynchronizedGroups = (
				DB33DB962D6839B7006EA971 /* HomeGuard */,
			);
			name = HomeGuard;
			packageProductDependencies = (
			);
			productName = HomeGuard;
			productReference = DB33DB942D6839B7006EA971 /* HomeGuard.app */;
			productType = "com.apple.product-type.application";
		};
		DB33DBA32D6839B8006EA971 /* HomeGuardTests */ = {
			isa = PBXNativeTarget;
			buildConfigurationList = DB33DBBB2D6839B8006EA971 /* Build configuration list for PBXNativeTarget "HomeGuardTests" */;
			buildPhases = (
				DB33DBA02D6839B8006EA971 /* Sources */,
				DB33DBA12D6839B8006EA971 /* Frameworks */,
				DB33DBA22D6839B8006EA971 /* Resources */,
			);
			buildRules = (
			);
			dependencies = (
				DB33DBA62D6839B8006EA971 /* PBXTargetDependency */,
			);
			fileSystemSynchronizedGroups = (
				DB33DBA72D6839B8006EA971 /* HomeGuardTests */,
			);
			name = HomeGuardTests;
			packageProductDependencies = (
			);
			productName = HomeGuardTests;
			productReference = DB33DBA42D6839B8006EA971 /* HomeGuardTests.xctest */;
			productType = "com.apple.product-type.bundle.unit-test";
		};
		DB33DBAD2D6839B8006EA971 /* HomeGuardUITests */ = {
			isa = PBXNativeTarget;
			buildConfigurationList = DB33DBBE2D6839B8006EA971 /* Build configuration list for PBXNativeTarget "HomeGuardUITests" */;
			buildPhases = (
				DB33DBAA2D6839B8006EA971 /* Sources */,
				DB33DBAB2D6839B8006EA971 /* Frameworks */,
				DB33DBAC2D6839B8006EA971 /* Resources */,
			);
			buildRules = (
			);
			dependencies = (
				DB33DBB02D6839B8006EA971 /* PBXTargetDependency */,
			);
			fileSystemSynchronizedGroups = (
				DB33DBB12D6839B8006EA971 /* HomeGuardUITests */,
			);
			name = HomeGuardUITests;
			packageProductDependencies = (
			);
			productName = HomeGuardUITests;
			productReference = DB33DBAE2D6839B8006EA971 /* HomeGuardUITests.xctest */;
			productType = "com.apple.product-type.bundle.ui-testing";
		};
/* End PBXNativeTarget section */

/* Begin PBXProject section */
		DB33DB8C2D6839B7006EA971 /* Project object */ = {
			isa = PBXProject;
			attributes = {
				BuildIndependentTargetsInParallel = 1;
				LastSwiftUpdateCheck = 1620;
				LastUpgradeCheck = 1620;
				TargetAttributes = {
					DB33DB932D6839B7006EA971 = {
						CreatedOnToolsVersion = 16.2;
					};
					DB33DBA32D6839B8006EA971 = {
						CreatedOnToolsVersion = 16.2;
						TestTargetID = DB33DB932D6839B7006EA971;
					};
					DB33DBAD2D6839B8006EA971 = {
						CreatedOnToolsVersion = 16.2;
						TestTargetID = DB33DB932D6839B7006EA971;
					};
				};
			};
			buildConfigurationList = DB33DB8F2D6839B7006EA971 /* Build configuration list for PBXProject "HomeGuard" */;
			developmentRegion = en;
			hasScannedForEncodings = 0;
			knownRegions = (
				en,
				Base,
			);
			mainGroup = DB33DB8B2D6839B7006EA971;
			minimizedProjectReferenceProxies = 1;
			preferredProjectObjectVersion = 77;
			productRefGroup = DB33DB952D6839B7006EA971 /* Products */;
			projectDirPath = "";
			projectRoot = "";
			targets = (
				DB33DB932D6839B7006EA971 /* HomeGuard */,
				DB33DBA32D6839B8006EA971 /* HomeGuardTests */,
				DB33DBAD2D6839B8006EA971 /* HomeGuardUITests */,
			);
		};
/* End PBXProject section */

/* Begin PBXResourcesBuildPhase section */
		DB33DB922D6839B7006EA971 /* Resources */ = {
			isa = PBXResourcesBuildPhase;
			buildActionMask = 2147483647;
			files = (
			);
			runOnlyForDeploymentPostprocessing = 0;
		};
		DB33DBA22D6839B8006EA971 /* Resources */ = {
			isa = PBXResourcesBuildPhase;
			buildActionMask = 2147483647;
			files = (
			);
			runOnlyForDeploymentPostprocessing = 0;
		};
		DB33DBAC2D6839B8006EA971 /* Resources */ = {
			isa = PBXResourcesBuildPhase;
			buildActionMask = 2147483647;
			files = (
			);
			runOnlyForDeploymentPostprocessing = 0;
		};
/* End PBXResourcesBuildPhase section */

/* Begin PBXSourcesBuildPhase section */
		DB33DB902D6839B7006EA971 /* Sources */ = {
			isa = PBXSourcesBuildPhase;
			buildActionMask = 2147483647;
			files = (
			);
			runOnlyForDeploymentPostprocessing = 0;
		};
		DB33DBA02D6839B8006EA971 /* Sources */ = {
			isa = PBXSourcesBuildPhase;
			buildActionMask = 2147483647;
			files = (
			);
			runOnlyForDeploymentPostprocessing = 0;
		};
		DB33DBAA2D6839B8006EA971 /* Sources */ = {
			isa = PBXSourcesBuildPhase;
			buildActionMask = 2147483647;
			files = (
			);
			runOnlyForDeploymentPostprocessing = 0;
		};
/* End PBXSourcesBuildPhase section */

/* Begin PBXTargetDependency section */
		DB33DBA62D6839B8006EA971 /* PBXTargetDependency */ = {
			isa = PBXTargetDependency;
			target = DB33DB932D6839B7006EA971 /* HomeGuard */;
			targetProxy = DB33DBA52D6839B8006EA971 /* PBXContainerItemProxy */;
		};
		DB33DBB02D6839B8006EA971 /* PBXTargetDependency */ = {
			isa = PBXTargetDependency;
			target = DB33DB932D6839B7006EA971 /* HomeGuard */;
			targetProxy = DB33DBAF2D6839B8006EA971 /* PBXContainerItemProxy */;
		};
/* End PBXTargetDependency section */

/* Begin XCBuildConfiguration section */
		DB33DBB62D6839B8006EA971 /* Debug */ = {
			isa = XCBuildConfiguration;
			buildSettings = {
				ALWAYS_SEARCH_USER_PATHS = NO;
				ASSETCATALOG_COMPILER_GENERATE_SWIFT_ASSET_SYMBOL_EXTENSIONS = YES;
				CLANG_ANALYZER_NONNULL = YES;
				CLANG_ANALYZER_NUMBER_OBJECT_CONVERSION = YES_AGGRESSIVE;
				CLANG_CXX_LANGUAGE_STANDARD = "gnu++20";
				CLANG_ENABLE_MODULES = YES;
				CLANG_ENABLE_OBJC_ARC = YES;
				CLANG_ENABLE_OBJC_WEAK = YES;
				CLANG_WARN_BLOCK_CAPTURE_AUTORELEASING = YES;
				CLANG_WARN_BOOL_CONVERSION = YES;
				CLANG_WARN_COMMA = YES;
				CLANG_WARN_CONSTANT_CONVERSION = YES;
				CLANG_WARN_DEPRECATED_OBJC_IMPLEMENTATIONS = YES;
				CLANG_WARN_DIRECT_OBJC_ISA_USAGE = YES_ERROR;
				CLANG_WARN_DOCUMENTATION_COMMENTS = YES;
				CLANG_WARN_EMPTY_BODY = YES;
				CLANG_WARN_ENUM_CONVERSION = YES;
				CLANG_WARN_INFINITE_RECURSION = YES;
				CLANG_WARN_INT_CONVERSION = YES;
				CLANG_WARN_NON_LITERAL_NULL_CONVERSION = YES;
				CLANG_WARN_OBJC_IMPLICIT_RETAIN_SELF = YES;
				CLANG_WARN_OBJC_LITERAL_CONVERSION = YES;
				CLANG_WARN_OBJC_ROOT_CLASS = YES_ERROR;
				CLANG_WARN_QUOTED_INCLUDE_IN_FRAMEWORK_HEADER = YES;
				CLANG_WARN_RANGE_LOOP_ANALYSIS = YES;
				CLANG_WARN_STRICT_PROTOTYPES = YES;
				CLANG_WARN_SUSPICIOUS_MOVE = YES;
				CLANG_WARN_UNGUARDED_AVAILABILITY = YES_AGGRESSIVE;
				CLANG_WARN_UNREACHABLE_CODE = YES;
				CLANG_WARN__DUPLICATE_METHOD_MATCH = YES;
				COPY_PHASE_STRIP = NO;
				DEBUG_INFORMATION_FORMAT = dwarf;
				ENABLE_STRICT_OBJC_MSGSEND = YES;
				ENABLE_TESTABILITY = YES;
				ENABLE_USER_SCRIPT_SANDBOXING = YES;
				GCC_C_LANGUAGE_STANDARD = gnu17;
				GCC_DYNAMIC_NO_PIC = NO;
				GCC_NO_COMMON_BLOCKS = YES;
				GCC_OPTIMIZATION_LEVEL = 0;
				GCC_PREPROCESSOR_DEFINITIONS = (
					"DEBUG=1",
					"$(inherited)",
				);
				GCC_WARN_64_TO_32_BIT_CONVERSION = YES;
				GCC_WARN_ABOUT_RETURN_TYPE = YES_ERROR;
				GCC_WARN_UNDECLARED_SELECTOR = YES;
				GCC_WARN_UNINITIALIZED_AUTOS = YES_AGGRESSIVE;
				GCC_WARN_UNUSED_FUNCTION = YES;
				GCC_WARN_UNUSED_VARIABLE = YES;
				IPHONEOS_DEPLOYMENT_TARGET = 18.2;
				LOCALIZATION_PREFERS_STRING_CATALOGS = YES;
				MTL_ENABLE_DEBUG_INFO = INCLUDE_SOURCE;
				MTL_FAST_MATH = YES;
				ONLY_ACTIVE_ARCH = YES;
				SDKROOT = iphoneos;
				SWIFT_ACTIVE_COMPILATION_CONDITIONS = "DEBUG $(inherited)";
				SWIFT_OPTIMIZATION_LEVEL = "-Onone";
			};
			name = Debug;
		};
		DB33DBB72D6839B8006EA971 /* Release */ = {
			isa = XCBuildConfiguration;
			buildSettings = {
				ALWAYS_SEARCH_USER_PATHS = NO;
				ASSETCATALOG_COMPILER_GENERATE_SWIFT_ASSET_SYMBOL_EXTENSIONS = YES;
				CLANG_ANALYZER_NONNULL = YES;
				CLANG_ANALYZER_NUMBER_OBJECT_CONVERSION = YES_AGGRESSIVE;
				CLANG_CXX_LANGUAGE_STANDARD = "gnu++20";
				CLANG_ENABLE_MODULES = YES;
				CLANG_ENABLE_OBJC_ARC = YES;
				CLANG_ENABLE_OBJC_WEAK = YES;
				CLANG_WARN_BLOCK_CAPTURE_AUTORELEASING = YES;
				CLANG_WARN_BOOL_CONVERSION = YES;
				CLANG_WARN_COMMA = YES;
				CLANG_WARN_CONSTANT_CONVERSION = YES;
				CLANG_WARN_DEPRECATED_OBJC_IMPLEMENTATIONS = YES;
				CLANG_WARN_DIRECT_OBJC_ISA_USAGE = YES_ERROR;
				CLANG_WARN_DOCUMENTATION_COMMENTS = YES;
				CLANG_WARN_EMPTY_BODY = YES;
				CLANG_WARN_ENUM_CONVERSION = YES;
				CLANG_WARN_INFINITE_RECURSION = YES;
				CLANG_WARN_INT_CONVERSION = YES;
				CLANG_WARN_NON_LITERAL_NULL_CONVERSION = YES;
				CLANG_WARN_OBJC_IMPLICIT_RETAIN_SELF = YES;
				CLANG_WARN_OBJC_LITERAL_CONVERSION = YES;
				CLANG_WARN_OBJC_ROOT_CLASS = YES_ERROR;
				CLANG_WARN_QUOTED_INCLUDE_IN_FRAMEWORK_HEADER = YES;
				CLANG_WARN_RANGE_LOOP_ANALYSIS = YES;
				CLANG_WARN_STRICT_PROTOTYPES = YES;
				CLANG_WARN_SUSPICIOUS_MOVE = YES;
				CLANG_WARN_UNGUARDED_AVAILABILITY = YES_AGGRESSIVE;
				CLANG_WARN_UNREACHABLE_CODE = YES;
				CLANG_WARN__DUPLICATE_METHOD_MATCH = YES;
				COPY_PHASE_STRIP = NO;
				DEBUG_INFORMATION_FORMAT = "dwarf-with-dsym";
				ENABLE_NS_ASSERTIONS = NO;
				ENABLE_STRICT_OBJC_MSGSEND = YES;
				ENABLE_USER_SCRIPT_SANDBOXING = YES;
				GCC_C_LANGUAGE_STANDARD = gnu17;
				GCC_NO_COMMON_BLOCKS = YES;
				GCC_WARN_64_TO_32_BIT_CONVERSION = YES;
				GCC_WARN_ABOUT_RETURN_TYPE = YES_ERROR;
				GCC_WARN_UNDECLARED_SELECTOR = YES;
				GCC_WARN_UNINITIALIZED_AUTOS = YES_AGGRESSIVE;
				GCC_WARN_UNUSED_FUNCTION = YES;
				GCC_WARN_UNUSED_VARIABLE = YES;
				IPHONEOS_DEPLOYMENT_TARGET = 18.2;
				LOCALIZATION_PREFERS_STRING_CATALOGS = YES;
				MTL_ENABLE_DEBUG_INFO = NO;
				MTL_FAST_MATH = YES;
				SDKROOT = iphoneos;
				SWIFT_COMPILATION_MODE = wholemodule;
				VALIDATE_PRODUCT = YES;
			};
			name = Release;
		};
		DB33DBB92D6839B8006EA971 /* Debug */ = {
			isa = XCBuildConfiguration;
			buildSettings = {
				ASSETCATALOG_COMPILER_APPICON_NAME = AppIcon;
				ASSETCATALOG_COMPILER_GLOBAL_ACCENT_COLOR_NAME = AccentColor;
				CODE_SIGN_STYLE = Automatic;
				CURRENT_PROJECT_VERSION = 1;
				DEVELOPMENT_ASSET_PATHS = "\"HomeGuard/Preview Content\"";
				DEVELOPMENT_TEAM = 5K7WAX2YNP;
				ENABLE_PREVIEWS = YES;
				GENERATE_INFOPLIST_FILE = YES;
				INFOPLIST_KEY_NSMicrophoneUsageDescription = "This app needs access to the microphone for voice recognition";
				INFOPLIST_KEY_NSSpeechRecognitionUsageDescription = "This app uses speech recognition to process voice commands for controlling smart home devices.";
				INFOPLIST_KEY_UIApplicationSceneManifest_Generation = YES;
				INFOPLIST_KEY_UIApplicationSupportsIndirectInputEvents = YES;
				INFOPLIST_KEY_UILaunchScreen_Generation = YES;
				INFOPLIST_KEY_UISupportedInterfaceOrientations_iPad = "UIInterfaceOrientationPortrait UIInterfaceOrientationPortraitUpsideDown UIInterfaceOrientationLandscapeLeft UIInterfaceOrientationLandscapeRight";
				INFOPLIST_KEY_UISupportedInterfaceOrientations_iPhone = "UIInterfaceOrientationPortrait UIInterfaceOrientationLandscapeLeft UIInterfaceOrientationLandscapeRight";
				LD_RUNPATH_SEARCH_PATHS = (
					"$(inherited)",
					"@executable_path/Frameworks",
				);
				MARKETING_VERSION = 1.0;
				PRODUCT_BUNDLE_IDENTIFIER = HomeGuard.aksscpcv.com;
				PRODUCT_NAME = "$(TARGET_NAME)";
				SWIFT_EMIT_LOC_STRINGS = YES;
				SWIFT_VERSION = 5.0;
				TARGETED_DEVICE_FAMILY = "1,2";
			};
			name = Debug;
		};
		DB33DBBA2D6839B8006EA971 /* Release */ = {
			isa = XCBuildConfiguration;
			buildSettings = {
				ASSETCATALOG_COMPILER_APPICON_NAME = AppIcon;
				ASSETCATALOG_COMPILER_GLOBAL_ACCENT_COLOR_NAME = AccentColor;
				CODE_SIGN_STYLE = Automatic;
				CURRENT_PROJECT_VERSION = 1;
				DEVELOPMENT_ASSET_PATHS = "\"HomeGuard/Preview Content\"";
				DEVELOPMENT_TEAM = 5K7WAX2YNP;
				ENABLE_PREVIEWS = YES;
				GENERATE_INFOPLIST_FILE = YES;
				INFOPLIST_KEY_NSMicrophoneUsageDescription = "This app needs access to the microphone for voice recognition";
				INFOPLIST_KEY_NSSpeechRecognitionUsageDescription = "This app uses speech recognition to process voice commands for controlling smart home devices.";
				INFOPLIST_KEY_UIApplicationSceneManifest_Generation = YES;
				INFOPLIST_KEY_UIApplicationSupportsIndirectInputEvents = YES;
				INFOPLIST_KEY_UILaunchScreen_Generation = YES;
				INFOPLIST_KEY_UISupportedInterfaceOrientations_iPad = "UIInterfaceOrientationPortrait UIInterfaceOrientationPortraitUpsideDown UIInterfaceOrientationLandscapeLeft UIInterfaceOrientationLandscapeRight";
				INFOPLIST_KEY_UISupportedInterfaceOrientations_iPhone = "UIInterfaceOrientationPortrait UIInterfaceOrientationLandscapeLeft UIInterfaceOrientationLandscapeRight";
				LD_RUNPATH_SEARCH_PATHS = (
					"$(inherited)",
					"@executable_path/Frameworks",
				);
				MARKETING_VERSION = 1.0;
				PRODUCT_BUNDLE_IDENTIFIER = HomeGuard.aksscpcv.com;
				PRODUCT_NAME = "$(TARGET_NAME)";
				SWIFT_EMIT_LOC_STRINGS = YES;
				SWIFT_VERSION = 5.0;
				TARGETED_DEVICE_FAMILY = "1,2";
			};
			name = Release;
		};
		DB33DBBC2D6839B8006EA971 /* Debug */ = {
			isa = XCBuildConfiguration;
			buildSettings = {
				BUNDLE_LOADER = "$(TEST_HOST)";
				CODE_SIGN_STYLE = Automatic;
				CURRENT_PROJECT_VERSION = 1;
				DEVELOPMENT_TEAM = 5K7WAX2YNP;
				GENERATE_INFOPLIST_FILE = YES;
				IPHONEOS_DEPLOYMENT_TARGET = 18.2;
				MARKETING_VERSION = 1.0;
				PRODUCT_BUNDLE_IDENTIFIER = HomeGuard.HomeGuardTests;
				PRODUCT_NAME = "$(TARGET_NAME)";
				SWIFT_EMIT_LOC_STRINGS = NO;
				SWIFT_VERSION = 5.0;
				TARGETED_DEVICE_FAMILY = "1,2";
				TEST_HOST = "$(BUILT_PRODUCTS_DIR)/HomeGuard.app/$(BUNDLE_EXECUTABLE_FOLDER_PATH)/HomeGuard";
			};
			name = Debug;
		};
		DB33DBBD2D6839B8006EA971 /* Release */ = {
			isa = XCBuildConfiguration;
			buildSettings = {
				BUNDLE_LOADER = "$(TEST_HOST)";
				CODE_SIGN_STYLE = Automatic;
				CURRENT_PROJECT_VERSION = 1;
				DEVELOPMENT_TEAM = 5K7WAX2YNP;
				GENERATE_INFOPLIST_FILE = YES;
				IPHONEOS_DEPLOYMENT_TARGET = 18.2;
				MARKETING_VERSION = 1.0;
				PRODUCT_BUNDLE_IDENTIFIER = HomeGuard.HomeGuardTests;
				PRODUCT_NAME = "$(TARGET_NAME)";
				SWIFT_EMIT_LOC_STRINGS = NO;
				SWIFT_VERSION = 5.0;
				TARGETED_DEVICE_FAMILY = "1,2";
				TEST_HOST = "$(BUILT_PRODUCTS_DIR)/HomeGuard.app/$(BUNDLE_EXECUTABLE_FOLDER_PATH)/HomeGuard";
			};
			name = Release;
		};
		DB33DBBF2D6839B8006EA971 /* Debug */ = {
			isa = XCBuildConfiguration;
			buildSettings = {
				CODE_SIGN_STYLE = Automatic;
				CURRENT_PROJECT_VERSION = 1;
				DEVELOPMENT_TEAM = 5K7WAX2YNP;
				GENERATE_INFOPLIST_FILE = YES;
				MARKETING_VERSION = 1.0;
				PRODUCT_BUNDLE_IDENTIFIER = HomeGuard.HomeGuardUITests;
				PRODUCT_NAME = "$(TARGET_NAME)";
				SWIFT_EMIT_LOC_STRINGS = NO;
				SWIFT_VERSION = 5.0;
				TARGETED_DEVICE_FAMILY = "1,2";
				TEST_TARGET_NAME = HomeGuard;
			};
			name = Debug;
		};
		DB33DBC02D6839B8006EA971 /* Release */ = {
			isa = XCBuildConfiguration;
			buildSettings = {
				CODE_SIGN_STYLE = Automatic;
				CURRENT_PROJECT_VERSION = 1;
				DEVELOPMENT_TEAM = 5K7WAX2YNP;
				GENERATE_INFOPLIST_FILE = YES;
				MARKETING_VERSION = 1.0;
				PRODUCT_BUNDLE_IDENTIFIER = HomeGuard.HomeGuardUITests;
				PRODUCT_NAME = "$(TARGET_NAME)";
				SWIFT_EMIT_LOC_STRINGS = NO;
				SWIFT_VERSION = 5.0;
				TARGETED_DEVICE_FAMILY = "1,2";
				TEST_TARGET_NAME = HomeGuard;
			};
			name = Release;
		};
/* End XCBuildConfiguration section */

/* Begin XCConfigurationList section */
		DB33DB8F2D6839B7006EA971 /* Build configuration list for PBXProject "HomeGuard" */ = {
			isa = XCConfigurationList;
			buildConfigurations = (
				DB33DBB62D6839B8006EA971 /* Debug */,
				DB33DBB72D6839B8006EA971 /* Release */,
			);
			defaultConfigurationIsVisible = 0;
			defaultConfigurationName = Release;
		};
		DB33DBB82D6839B8006EA971 /* Build configuration list for PBXNativeTarget "HomeGuard" */ = {
			isa = XCConfigurationList;
			buildConfigurations = (
				DB33DBB92D6839B8006EA971 /* Debug */,
				DB33DBBA2D6839B8006EA971 /* Release */,
			);
			defaultConfigurationIsVisible = 0;
			defaultConfigurationName = Release;
		};
		DB33DBBB2D6839B8006EA971 /* Build configuration list for PBXNativeTarget "HomeGuardTests" */ = {
			isa = XCConfigurationList;
			buildConfigurations = (
				DB33DBBC2D6839B8006EA971 /* Debug */,
				DB33DBBD2D6839B8006EA971 /* Release */,
			);
			defaultConfigurationIsVisible = 0;
			defaultConfigurationName = Release;
		};
		DB33DBBE2D6839B8006EA971 /* Build configuration list for PBXNativeTarget "HomeGuardUITests" */ = {
			isa = XCConfigurationList;
			buildConfigurations = (
				DB33DBBF2D6839B8006EA971 /* Debug */,
				DB33DBC02D6839B8006EA971 /* Release */,
			);
			defaultConfigurationIsVisible = 0;
			defaultConfigurationName = Release;
		};
/* End XCConfigurationList section */
	};
	rootObject = DB33DB8C2D6839B7006EA971 /* Project object */;
}
